
Microsoft Visual Studio Solution File, Format Version 12.00
# Visual Studio Version 17
VisualStudioVersion = 17.6.33829.357
MinimumVisualStudioVersion = 10.0.40219.1
Project("{FAE04EC0-301F-11D3-BF4B-00C04F79EFBC}") = "api.estudo", "api.estudo\api.estudo.csproj", "{E69E1D59-754D-45BF-90CC-2CCA06EA2C16}"
EndProject
Global
	GlobalSection(SolutionConfigurationPlatforms) = preSolution
		Debug|Any CPU = Debug|Any CPU
		Release|Any CPU = Release|Any CPU
	EndGlobalSection
	GlobalSection(ProjectConfigurationPlatforms) = postSolution
		{E69E1D59-754D-45BF-90CC-2CCA06EA2C16}.Debug|Any CPU.ActiveCfg = Debug|Any CPU
		{E69E1D59-754D-45BF-90CC-2CCA06EA2C16}.Debug|Any CPU.Build.0 = Debug|Any CPU
		{E69E1D59-754D-45BF-90CC-2CCA06EA2C16}.Release|Any CPU.ActiveCfg = Release|Any CPU
		{E69E1D59-754D-45BF-90CC-2CCA06EA2C16}.Release|Any CPU.Build.0 = Release|Any CPU
	EndGlobalSection
	GlobalSection(SolutionProperties) = preSolution
		HideSolutionNode = FALSE
	EndGlobalSection
	GlobalSection(ExtensibilityGlobals) = postSolution
		SolutionGuid = {25099D42-B024-43EC-94F7-3D27370596FC}
	EndGlobalSection
EndGlobal
